
Microsoft Visual Studio Solution File, Format Version 12.00
# Visual Studio Version 17
VisualStudioVersion = 17.5.33414.496
MinimumVisualStudioVersion = 10.0.40219.1
Project("{FAE04EC0-301F-11D3-BF4B-00C04F79EFBC}") = "SEDC.ClassWork.Class11", "SEDC.ClassWork.Class11\SEDC.ClassWork.Class11.csproj", "{5C11318C-70DC-4914-9FDF-3C1F7BBE2D9C}"
EndProject
Global
	GlobalSection(SolutionConfigurationPlatforms) = preSolution
		Debug|Any CPU = Debug|Any CPU
		Release|Any CPU = Release|Any CPU
	EndGlobalSection
	GlobalSection(ProjectConfigurationPlatforms) = postSolution
		{5C11318C-70DC-4914-9FDF-3C1F7BBE2D9C}.Debug|Any CPU.ActiveCfg = Debug|Any CPU
		{5C11318C-70DC-4914-9FDF-3C1F7BBE2D9C}.Debug|Any CPU.Build.0 = Debug|Any CPU
		{5C11318C-70DC-4914-9FDF-3C1F7BBE2D9C}.Release|Any CPU.ActiveCfg = Release|Any CPU
		{5C11318C-70DC-4914-9FDF-3C1F7BBE2D9C}.Release|Any CPU.Build.0 = Release|Any CPU
	EndGlobalSection
	GlobalSection(SolutionProperties) = preSolution
		HideSolutionNode = FALSE
	EndGlobalSection
	GlobalSection(ExtensibilityGlobals) = postSolution
		SolutionGuid = {602817FC-D022-4A7A-9EA9-87A15B44995C}
	EndGlobalSection
EndGlobal
