
Microsoft Visual Studio Solution File, Format Version 12.00
# Visual Studio Version 17
VisualStudioVersion = 17.5.33414.496
MinimumVisualStudioVersion = 10.0.40219.1
Project("{9A19103F-16F7-4668-BE54-9A1E7A4F7556}") = "SEDC.ClassWork.03_Exercise.01", "SEDC.ClassWork.03_Exercise.01\SEDC.ClassWork.03_Exercise.01.csproj", "{E37FD308-8FAA-41F6-A0ED-1639D8AC01CC}"
EndProject
Project("{9A19103F-16F7-4668-BE54-9A1E7A4F7556}") = "SEDC.ClassWork.03_Exercise.02", "SEDC.ClassWork.03_Exercise.02\SEDC.ClassWork.03_Exercise.02.csproj", "{C56D8B89-D29B-443F-A3A2-85D3E3810396}"
EndProject
Project("{FAE04EC0-301F-11D3-BF4B-00C04F79EFBC}") = "SEDC.ClassWork.03_Exercise.03", "SEDC.ClassWork.03_Exercise.03\SEDC.ClassWork.03_Exercise.03.csproj", "{CBA7679C-70A4-474C-8ACD-956BFA9C7608}"
EndProject
Global
	GlobalSection(SolutionConfigurationPlatforms) = preSolution
		Debug|Any CPU = Debug|Any CPU
		Release|Any CPU = Release|Any CPU
	EndGlobalSection
	GlobalSection(ProjectConfigurationPlatforms) = postSolution
		{E37FD308-8FAA-41F6-A0ED-1639D8AC01CC}.Debug|Any CPU.ActiveCfg = Debug|Any CPU
		{E37FD308-8FAA-41F6-A0ED-1639D8AC01CC}.Debug|Any CPU.Build.0 = Debug|Any CPU
		{E37FD308-8FAA-41F6-A0ED-1639D8AC01CC}.Release|Any CPU.ActiveCfg = Release|Any CPU
		{E37FD308-8FAA-41F6-A0ED-1639D8AC01CC}.Release|Any CPU.Build.0 = Release|Any CPU
		{C56D8B89-D29B-443F-A3A2-85D3E3810396}.Debug|Any CPU.ActiveCfg = Debug|Any CPU
		{C56D8B89-D29B-443F-A3A2-85D3E3810396}.Debug|Any CPU.Build.0 = Debug|Any CPU
		{C56D8B89-D29B-443F-A3A2-85D3E3810396}.Release|Any CPU.ActiveCfg = Release|Any CPU
		{C56D8B89-D29B-443F-A3A2-85D3E3810396}.Release|Any CPU.Build.0 = Release|Any CPU
		{CBA7679C-70A4-474C-8ACD-956BFA9C7608}.Debug|Any CPU.ActiveCfg = Debug|Any CPU
		{CBA7679C-70A4-474C-8ACD-956BFA9C7608}.Debug|Any CPU.Build.0 = Debug|Any CPU
		{CBA7679C-70A4-474C-8ACD-956BFA9C7608}.Release|Any CPU.ActiveCfg = Release|Any CPU
		{CBA7679C-70A4-474C-8ACD-956BFA9C7608}.Release|Any CPU.Build.0 = Release|Any CPU
	EndGlobalSection
	GlobalSection(SolutionProperties) = preSolution
		HideSolutionNode = FALSE
	EndGlobalSection
	GlobalSection(ExtensibilityGlobals) = postSolution
		SolutionGuid = {B6847FF2-7AE5-4ADB-ACC7-2E5234C6EF66}
	EndGlobalSection
EndGlobal
